// !$*UTF8*$!
{
	archiveVersion = 1;
	classes = {
	};
	objectVersion = 77;
	objects = {

/* Begin PBXBuildFile section */
		1333B3252D02B9F9002FB7BA /* SkeletonUI in Frameworks */ = {isa = PBXBuildFile; productRef = 1333B3242D02B9F9002FB7BA /* SkeletonUI */; };
		136417B52D12F54B005B0A3E /* KakaoSDKAuth in Frameworks */ = {isa = PBXBuildFile; productRef = 136417B42D12F54B005B0A3E /* KakaoSDKAuth */; };
		136417B72D12F54B005B0A3E /* KakaoSDKCommon in Frameworks */ = {isa = PBXBuildFile; productRef = 136417B62D12F54B005B0A3E /* KakaoSDKCommon */; };
		136417B92D12F54B005B0A3E /* KakaoSDKUser in Frameworks */ = {isa = PBXBuildFile; productRef = 136417B82D12F54B005B0A3E /* KakaoSDKUser */; };
		136419692D13043D005B0A3E /* GoogleSignIn in Frameworks */ = {isa = PBXBuildFile; productRef = 136419682D13043D005B0A3E /* GoogleSignIn */; };
		136C79682CEC69E7009DEA76 /* CombineMoya in Frameworks */ = {isa = PBXBuildFile; productRef = 136C79672CEC69E7009DEA76 /* CombineMoya */; };
		136C796A2CEC69E7009DEA76 /* Moya in Frameworks */ = {isa = PBXBuildFile; productRef = 136C79692CEC69E7009DEA76 /* Moya */; };
		1FACF0EB2D16EC34005651EA /* FirebaseMessaging in Frameworks */ = {isa = PBXBuildFile; productRef = 1FACF0EA2D16EC34005651EA /* FirebaseMessaging */; };
/* End PBXBuildFile section */

/* Begin PBXFileReference section */
		1317A4732CE5CE9B007264C7 /* Toucheese.app */ = {isa = PBXFileReference; explicitFileType = wrapper.application; includeInIndex = 0; path = Toucheese.app; sourceTree = BUILT_PRODUCTS_DIR; };
/* End PBXFileReference section */

/* Begin PBXFileSystemSynchronizedBuildFileExceptionSet section */
		136C7A202CEDB9D3009DEA76 /* Exceptions for "Toucheese" folder in "Toucheese" target */ = {
			isa = PBXFileSystemSynchronizedBuildFileExceptionSet;
			membershipExceptions = (
				Resources/Info.plist,
			);
			target = 1317A4722CE5CE9B007264C7 /* Toucheese */;
		};
/* End PBXFileSystemSynchronizedBuildFileExceptionSet section */

/* Begin PBXFileSystemSynchronizedRootGroup section */
		1317A4752CE5CE9B007264C7 /* Toucheese */ = {
			isa = PBXFileSystemSynchronizedRootGroup;
			exceptions = (
				136C7A202CEDB9D3009DEA76 /* Exceptions for "Toucheese" folder in "Toucheese" target */,
			);
			path = Toucheese;
			sourceTree = "<group>";
		};
/* End PBXFileSystemSynchronizedRootGroup section */

/* Begin PBXFrameworksBuildPhase section */
		1317A4702CE5CE9B007264C7 /* Frameworks */ = {
			isa = PBXFrameworksBuildPhase;
			buildActionMask = 2147483647;
			files = (
				1FACF0EB2D16EC34005651EA /* FirebaseMessaging in Frameworks */,
				136C796A2CEC69E7009DEA76 /* Moya in Frameworks */,
				1333B3252D02B9F9002FB7BA /* SkeletonUI in Frameworks */,
				136417B92D12F54B005B0A3E /* KakaoSDKUser in Frameworks */,
				136C79682CEC69E7009DEA76 /* CombineMoya in Frameworks */,
				136417B72D12F54B005B0A3E /* KakaoSDKCommon in Frameworks */,
				136417B52D12F54B005B0A3E /* KakaoSDKAuth in Frameworks */,
				136419692D13043D005B0A3E /* GoogleSignIn in Frameworks */,
			);
			runOnlyForDeploymentPostprocessing = 0;
		};
/* End PBXFrameworksBuildPhase section */

/* Begin PBXGroup section */
		1317A46A2CE5CE9B007264C7 = {
			isa = PBXGroup;
			children = (
				1317A4752CE5CE9B007264C7 /* Toucheese */,
				1317A4742CE5CE9B007264C7 /* Products */,
			);
			sourceTree = "<group>";
		};
		1317A4742CE5CE9B007264C7 /* Products */ = {
			isa = PBXGroup;
			children = (
				1317A4732CE5CE9B007264C7 /* Toucheese.app */,
			);
			name = Products;
			sourceTree = "<group>";
		};
/* End PBXGroup section */

/* Begin PBXNativeTarget section */
		1317A4722CE5CE9B007264C7 /* Toucheese */ = {
			isa = PBXNativeTarget;
			buildConfigurationList = 1317A4812CE5CE9D007264C7 /* Build configuration list for PBXNativeTarget "Toucheese" */;
			buildPhases = (
				1317A46F2CE5CE9B007264C7 /* Sources */,
				1317A4702CE5CE9B007264C7 /* Frameworks */,
				1317A4712CE5CE9B007264C7 /* Resources */,
			);
			buildRules = (
			);
			dependencies = (
			);
			fileSystemSynchronizedGroups = (
				1317A4752CE5CE9B007264C7 /* Toucheese */,
			);
			name = Toucheese;
			packageProductDependencies = (
				136C79672CEC69E7009DEA76 /* CombineMoya */,
				136C79692CEC69E7009DEA76 /* Moya */,
				1333B3242D02B9F9002FB7BA /* SkeletonUI */,
				136417B42D12F54B005B0A3E /* KakaoSDKAuth */,
				136417B62D12F54B005B0A3E /* KakaoSDKCommon */,
				136417B82D12F54B005B0A3E /* KakaoSDKUser */,
				136419682D13043D005B0A3E /* GoogleSignIn */,
				1FACF0EA2D16EC34005651EA /* FirebaseMessaging */,
			);
			productName = Toucheese;
			productReference = 1317A4732CE5CE9B007264C7 /* Toucheese.app */;
			productType = "com.apple.product-type.application";
		};
/* End PBXNativeTarget section */

/* Begin PBXProject section */
		1317A46B2CE5CE9B007264C7 /* Project object */ = {
			isa = PBXProject;
			attributes = {
				BuildIndependentTargetsInParallel = 1;
				LastSwiftUpdateCheck = 1610;
				LastUpgradeCheck = 1610;
				TargetAttributes = {
					1317A4722CE5CE9B007264C7 = {
						CreatedOnToolsVersion = 16.1;
					};
				};
			};
			buildConfigurationList = 1317A46E2CE5CE9B007264C7 /* Build configuration list for PBXProject "Toucheese" */;
			developmentRegion = en;
			hasScannedForEncodings = 0;
			knownRegions = (
				en,
				Base,
			);
			mainGroup = 1317A46A2CE5CE9B007264C7;
			minimizedProjectReferenceProxies = 1;
			packageReferences = (
				136C79662CEC69E7009DEA76 /* XCRemoteSwiftPackageReference "Moya" */,
				1333B3232D02B9F9002FB7BA /* XCRemoteSwiftPackageReference "SkeletonUI" */,
				136417B32D12F54B005B0A3E /* XCRemoteSwiftPackageReference "kakao-ios-sdk" */,
				136419672D13043D005B0A3E /* XCRemoteSwiftPackageReference "GoogleSignIn-iOS" */,
				1FACF0E92D16EC34005651EA /* XCRemoteSwiftPackageReference "firebase-ios-sdk" */,
			);
			preferredProjectObjectVersion = 77;
			productRefGroup = 1317A4742CE5CE9B007264C7 /* Products */;
			projectDirPath = "";
			projectRoot = "";
			targets = (
				1317A4722CE5CE9B007264C7 /* Toucheese */,
			);
		};
/* End PBXProject section */

/* Begin PBXResourcesBuildPhase section */
		1317A4712CE5CE9B007264C7 /* Resources */ = {
			isa = PBXResourcesBuildPhase;
			buildActionMask = 2147483647;
			files = (
			);
			runOnlyForDeploymentPostprocessing = 0;
		};
/* End PBXResourcesBuildPhase section */

/* Begin PBXSourcesBuildPhase section */
		1317A46F2CE5CE9B007264C7 /* Sources */ = {
			isa = PBXSourcesBuildPhase;
			buildActionMask = 2147483647;
			files = (
			);
			runOnlyForDeploymentPostprocessing = 0;
		};
/* End PBXSourcesBuildPhase section */

/* Begin XCBuildConfiguration section */
		1317A47F2CE5CE9D007264C7 /* Debug */ = {
			isa = XCBuildConfiguration;
			baseConfigurationReferenceAnchor = 1317A4752CE5CE9B007264C7 /* Toucheese */;
			baseConfigurationReferenceRelativePath = Resources/ToucheeseSecret.xcconfig;
			buildSettings = {
				ALWAYS_SEARCH_USER_PATHS = NO;
				ASSETCATALOG_COMPILER_GENERATE_SWIFT_ASSET_SYMBOL_EXTENSIONS = YES;
				CLANG_ANALYZER_NONNULL = YES;
				CLANG_ANALYZER_NUMBER_OBJECT_CONVERSION = YES_AGGRESSIVE;
				CLANG_CXX_LANGUAGE_STANDARD = "gnu++20";
				CLANG_ENABLE_MODULES = YES;
				CLANG_ENABLE_OBJC_ARC = YES;
				CLANG_ENABLE_OBJC_WEAK = YES;
				CLANG_WARN_BLOCK_CAPTURE_AUTORELEASING = YES;
				CLANG_WARN_BOOL_CONVERSION = YES;
				CLANG_WARN_COMMA = YES;
				CLANG_WARN_CONSTANT_CONVERSION = YES;
				CLANG_WARN_DEPRECATED_OBJC_IMPLEMENTATIONS = YES;
				CLANG_WARN_DIRECT_OBJC_ISA_USAGE = YES_ERROR;
				CLANG_WARN_DOCUMENTATION_COMMENTS = YES;
				CLANG_WARN_EMPTY_BODY = YES;
				CLANG_WARN_ENUM_CONVERSION = YES;
				CLANG_WARN_INFINITE_RECURSION = YES;
				CLANG_WARN_INT_CONVERSION = YES;
				CLANG_WARN_NON_LITERAL_NULL_CONVERSION = YES;
				CLANG_WARN_OBJC_IMPLICIT_RETAIN_SELF = YES;
				CLANG_WARN_OBJC_LITERAL_CONVERSION = YES;
				CLANG_WARN_OBJC_ROOT_CLASS = YES_ERROR;
				CLANG_WARN_QUOTED_INCLUDE_IN_FRAMEWORK_HEADER = YES;
				CLANG_WARN_RANGE_LOOP_ANALYSIS = YES;
				CLANG_WARN_STRICT_PROTOTYPES = YES;
				CLANG_WARN_SUSPICIOUS_MOVE = YES;
				CLANG_WARN_UNGUARDED_AVAILABILITY = YES_AGGRESSIVE;
				CLANG_WARN_UNREACHABLE_CODE = YES;
				CLANG_WARN__DUPLICATE_METHOD_MATCH = YES;
				COPY_PHASE_STRIP = NO;
				DEBUG_INFORMATION_FORMAT = dwarf;
				ENABLE_STRICT_OBJC_MSGSEND = YES;
				ENABLE_TESTABILITY = YES;
				ENABLE_USER_SCRIPT_SANDBOXING = YES;
				GCC_C_LANGUAGE_STANDARD = gnu17;
				GCC_DYNAMIC_NO_PIC = NO;
				GCC_NO_COMMON_BLOCKS = YES;
				GCC_OPTIMIZATION_LEVEL = 0;
				GCC_PREPROCESSOR_DEFINITIONS = (
					"DEBUG=1",
					"$(inherited)",
				);
				GCC_WARN_64_TO_32_BIT_CONVERSION = YES;
				GCC_WARN_ABOUT_RETURN_TYPE = YES_ERROR;
				GCC_WARN_UNDECLARED_SELECTOR = YES;
				GCC_WARN_UNINITIALIZED_AUTOS = YES_AGGRESSIVE;
				GCC_WARN_UNUSED_FUNCTION = YES;
				GCC_WARN_UNUSED_VARIABLE = YES;
				IPHONEOS_DEPLOYMENT_TARGET = 18.1;
				LOCALIZATION_PREFERS_STRING_CATALOGS = YES;
				MTL_ENABLE_DEBUG_INFO = INCLUDE_SOURCE;
				MTL_FAST_MATH = YES;
				ONLY_ACTIVE_ARCH = YES;
				SDKROOT = iphoneos;
				SWIFT_ACTIVE_COMPILATION_CONDITIONS = "DEBUG $(inherited)";
				SWIFT_OPTIMIZATION_LEVEL = "-Onone";
			};
			name = Debug;
		};
		1317A4802CE5CE9D007264C7 /* Release */ = {
			isa = XCBuildConfiguration;
			baseConfigurationReferenceAnchor = 1317A4752CE5CE9B007264C7 /* Toucheese */;
			baseConfigurationReferenceRelativePath = Resources/ToucheeseSecret.xcconfig;
			buildSettings = {
				ALWAYS_SEARCH_USER_PATHS = NO;
				ASSETCATALOG_COMPILER_GENERATE_SWIFT_ASSET_SYMBOL_EXTENSIONS = YES;
				CLANG_ANALYZER_NONNULL = YES;
				CLANG_ANALYZER_NUMBER_OBJECT_CONVERSION = YES_AGGRESSIVE;
				CLANG_CXX_LANGUAGE_STANDARD = "gnu++20";
				CLANG_ENABLE_MODULES = YES;
				CLANG_ENABLE_OBJC_ARC = YES;
				CLANG_ENABLE_OBJC_WEAK = YES;
				CLANG_WARN_BLOCK_CAPTURE_AUTORELEASING = YES;
				CLANG_WARN_BOOL_CONVERSION = YES;
				CLANG_WARN_COMMA = YES;
				CLANG_WARN_CONSTANT_CONVERSION = YES;
				CLANG_WARN_DEPRECATED_OBJC_IMPLEMENTATIONS = YES;
				CLANG_WARN_DIRECT_OBJC_ISA_USAGE = YES_ERROR;
				CLANG_WARN_DOCUMENTATION_COMMENTS = YES;
				CLANG_WARN_EMPTY_BODY = YES;
				CLANG_WARN_ENUM_CONVERSION = YES;
				CLANG_WARN_INFINITE_RECURSION = YES;
				CLANG_WARN_INT_CONVERSION = YES;
				CLANG_WARN_NON_LITERAL_NULL_CONVERSION = YES;
				CLANG_WARN_OBJC_IMPLICIT_RETAIN_SELF = YES;
				CLANG_WARN_OBJC_LITERAL_CONVERSION = YES;
				CLANG_WARN_OBJC_ROOT_CLASS = YES_ERROR;
				CLANG_WARN_QUOTED_INCLUDE_IN_FRAMEWORK_HEADER = YES;
				CLANG_WARN_RANGE_LOOP_ANALYSIS = YES;
				CLANG_WARN_STRICT_PROTOTYPES = YES;
				CLANG_WARN_SUSPICIOUS_MOVE = YES;
				CLANG_WARN_UNGUARDED_AVAILABILITY = YES_AGGRESSIVE;
				CLANG_WARN_UNREACHABLE_CODE = YES;
				CLANG_WARN__DUPLICATE_METHOD_MATCH = YES;
				COPY_PHASE_STRIP = NO;
				DEBUG_INFORMATION_FORMAT = "dwarf-with-dsym";
				ENABLE_NS_ASSERTIONS = NO;
				ENABLE_STRICT_OBJC_MSGSEND = YES;
				ENABLE_USER_SCRIPT_SANDBOXING = YES;
				GCC_C_LANGUAGE_STANDARD = gnu17;
				GCC_NO_COMMON_BLOCKS = YES;
				GCC_WARN_64_TO_32_BIT_CONVERSION = YES;
				GCC_WARN_ABOUT_RETURN_TYPE = YES_ERROR;
				GCC_WARN_UNDECLARED_SELECTOR = YES;
				GCC_WARN_UNINITIALIZED_AUTOS = YES_AGGRESSIVE;
				GCC_WARN_UNUSED_FUNCTION = YES;
				GCC_WARN_UNUSED_VARIABLE = YES;
				IPHONEOS_DEPLOYMENT_TARGET = 18.1;
				LOCALIZATION_PREFERS_STRING_CATALOGS = YES;
				MTL_ENABLE_DEBUG_INFO = NO;
				MTL_FAST_MATH = YES;
				SDKROOT = iphoneos;
				SWIFT_COMPILATION_MODE = wholemodule;
				VALIDATE_PRODUCT = YES;
			};
			name = Release;
		};
		1317A4822CE5CE9D007264C7 /* Debug */ = {
			isa = XCBuildConfiguration;
			buildSettings = {
				ASSETCATALOG_COMPILER_APPICON_NAME = AppIcon;
				ASSETCATALOG_COMPILER_GLOBAL_ACCENT_COLOR_NAME = AccentColor;
				CODE_SIGN_ENTITLEMENTS = Toucheese/Resources/Toucheese.entitlements;
				CODE_SIGN_STYLE = Automatic;
				CURRENT_PROJECT_VERSION = 1;
				DEVELOPMENT_TEAM = A23FWQWFTJ;
				ENABLE_PREVIEWS = YES;
				GENERATE_INFOPLIST_FILE = YES;
				INFOPLIST_FILE = Toucheese/Resources/Info.plist;
				INFOPLIST_KEY_CFBundleDisplayName = ToucheeseEnI;
				INFOPLIST_KEY_UIApplicationSceneManifest_Generation = YES;
				INFOPLIST_KEY_UIApplicationSupportsIndirectInputEvents = YES;
				INFOPLIST_KEY_UILaunchScreen_Generation = YES;
				INFOPLIST_KEY_UISupportedInterfaceOrientations = UIInterfaceOrientationPortrait;
				INFOPLIST_KEY_UIUserInterfaceStyle = Light;
				IPHONEOS_DEPLOYMENT_TARGET = 17.0;
				LD_RUNPATH_SEARCH_PATHS = (
					"$(inherited)",
					"@executable_path/Frameworks",
				);
				MARKETING_VERSION = 1.0.0;
				PRODUCT_BUNDLE_IDENTIFIER = com.shininglion.Toucheese;
				PRODUCT_NAME = "$(TARGET_NAME)";
				SUPPORTED_PLATFORMS = "iphoneos iphonesimulator";
				SUPPORTS_MACCATALYST = NO;
				SUPPORTS_MAC_DESIGNED_FOR_IPHONE_IPAD = NO;
				SUPPORTS_XR_DESIGNED_FOR_IPHONE_IPAD = NO;
				SWIFT_EMIT_LOC_STRINGS = YES;
				SWIFT_VERSION = 5.0;
				TARGETED_DEVICE_FAMILY = 1;
			};
			name = Debug;
		};
		1317A4832CE5CE9D007264C7 /* Release */ = {
			isa = XCBuildConfiguration;
			buildSettings = {
				ASSETCATALOG_COMPILER_APPICON_NAME = AppIcon;
				ASSETCATALOG_COMPILER_GLOBAL_ACCENT_COLOR_NAME = AccentColor;
				CODE_SIGN_ENTITLEMENTS = Toucheese/Resources/Toucheese.entitlements;
				CODE_SIGN_STYLE = Automatic;
				CURRENT_PROJECT_VERSION = 1;
				DEVELOPMENT_TEAM = A23FWQWFTJ;
				ENABLE_PREVIEWS = YES;
				GENERATE_INFOPLIST_FILE = YES;
				INFOPLIST_FILE = Toucheese/Resources/Info.plist;
				INFOPLIST_KEY_CFBundleDisplayName = ToucheeseEnI;
				INFOPLIST_KEY_UIApplicationSceneManifest_Generation = YES;
				INFOPLIST_KEY_UIApplicationSupportsIndirectInputEvents = YES;
				INFOPLIST_KEY_UILaunchScreen_Generation = YES;
				INFOPLIST_KEY_UISupportedInterfaceOrientations = UIInterfaceOrientationPortrait;
				INFOPLIST_KEY_UIUserInterfaceStyle = Light;
				IPHONEOS_DEPLOYMENT_TARGET = 17.0;
				LD_RUNPATH_SEARCH_PATHS = (
					"$(inherited)",
					"@executable_path/Frameworks",
				);
				MARKETING_VERSION = 1.0.0;
				PRODUCT_BUNDLE_IDENTIFIER = com.shininglion.Toucheese;
				PRODUCT_NAME = "$(TARGET_NAME)";
				SUPPORTED_PLATFORMS = "iphoneos iphonesimulator";
				SUPPORTS_MACCATALYST = NO;
				SUPPORTS_MAC_DESIGNED_FOR_IPHONE_IPAD = NO;
				SUPPORTS_XR_DESIGNED_FOR_IPHONE_IPAD = NO;
				SWIFT_EMIT_LOC_STRINGS = YES;
				SWIFT_VERSION = 5.0;
				TARGETED_DEVICE_FAMILY = 1;
			};
			name = Release;
		};
/* End XCBuildConfiguration section */

/* Begin XCConfigurationList section */
		1317A46E2CE5CE9B007264C7 /* Build configuration list for PBXProject "Toucheese" */ = {
			isa = XCConfigurationList;
			buildConfigurations = (
				1317A47F2CE5CE9D007264C7 /* Debug */,
				1317A4802CE5CE9D007264C7 /* Release */,
			);
			defaultConfigurationIsVisible = 0;
			defaultConfigurationName = Release;
		};
		1317A4812CE5CE9D007264C7 /* Build configuration list for PBXNativeTarget "Toucheese" */ = {
			isa = XCConfigurationList;
			buildConfigurations = (
				1317A4822CE5CE9D007264C7 /* Debug */,
				1317A4832CE5CE9D007264C7 /* Release */,
			);
			defaultConfigurationIsVisible = 0;
			defaultConfigurationName = Release;
		};
/* End XCConfigurationList section */

/* Begin XCRemoteSwiftPackageReference section */
		1333B3232D02B9F9002FB7BA /* XCRemoteSwiftPackageReference "SkeletonUI" */ = {
			isa = XCRemoteSwiftPackageReference;
			repositoryURL = "https://github.com/CSolanaM/SkeletonUI.git";
			requirement = {
				kind = upToNextMajorVersion;
				minimumVersion = 2.0.2;
			};
		};
		136417B32D12F54B005B0A3E /* XCRemoteSwiftPackageReference "kakao-ios-sdk" */ = {
			isa = XCRemoteSwiftPackageReference;
			repositoryURL = "https://github.com/kakao/kakao-ios-sdk";
			requirement = {
				kind = upToNextMajorVersion;
				minimumVersion = 2.23.0;
			};
		};
		136419672D13043D005B0A3E /* XCRemoteSwiftPackageReference "GoogleSignIn-iOS" */ = {
			isa = XCRemoteSwiftPackageReference;
			repositoryURL = "https://github.com/google/GoogleSignIn-iOS";
			requirement = {
				kind = upToNextMajorVersion;
				minimumVersion = 8.0.0;
			};
		};
		136C79662CEC69E7009DEA76 /* XCRemoteSwiftPackageReference "Moya" */ = {
			isa = XCRemoteSwiftPackageReference;
			repositoryURL = "https://github.com/Moya/Moya";
			requirement = {
				kind = upToNextMajorVersion;
				minimumVersion = 15.0.0;
			};
		};
		1FACF0E92D16EC34005651EA /* XCRemoteSwiftPackageReference "firebase-ios-sdk" */ = {
			isa = XCRemoteSwiftPackageReference;
			repositoryURL = "https://github.com/firebase/firebase-ios-sdk";
			requirement = {
				kind = upToNextMajorVersion;
				minimumVersion = 11.6.0;
			};
		};
/* End XCRemoteSwiftPackageReference section */

/* Begin XCSwiftPackageProductDependency section */
		1333B3242D02B9F9002FB7BA /* SkeletonUI */ = {
			isa = XCSwiftPackageProductDependency;
			package = 1333B3232D02B9F9002FB7BA /* XCRemoteSwiftPackageReference "SkeletonUI" */;
			productName = SkeletonUI;
		};
		136417B42D12F54B005B0A3E /* KakaoSDKAuth */ = {
			isa = XCSwiftPackageProductDependency;
			package = 136417B32D12F54B005B0A3E /* XCRemoteSwiftPackageReference "kakao-ios-sdk" */;
			productName = KakaoSDKAuth;
		};
		136417B62D12F54B005B0A3E /* KakaoSDKCommon */ = {
			isa = XCSwiftPackageProductDependency;
			package = 136417B32D12F54B005B0A3E /* XCRemoteSwiftPackageReference "kakao-ios-sdk" */;
			productName = KakaoSDKCommon;
		};
		136417B82D12F54B005B0A3E /* KakaoSDKUser */ = {
			isa = XCSwiftPackageProductDependency;
			package = 136417B32D12F54B005B0A3E /* XCRemoteSwiftPackageReference "kakao-ios-sdk" */;
			productName = KakaoSDKUser;
		};
		136419682D13043D005B0A3E /* GoogleSignIn */ = {
			isa = XCSwiftPackageProductDependency;
			package = 136419672D13043D005B0A3E /* XCRemoteSwiftPackageReference "GoogleSignIn-iOS" */;
			productName = GoogleSignIn;
		};
		136C79672CEC69E7009DEA76 /* CombineMoya */ = {
			isa = XCSwiftPackageProductDependency;
			package = 136C79662CEC69E7009DEA76 /* XCRemoteSwiftPackageReference "Moya" */;
			productName = CombineMoya;
		};
		136C79692CEC69E7009DEA76 /* Moya */ = {
			isa = XCSwiftPackageProductDependency;
			package = 136C79662CEC69E7009DEA76 /* XCRemoteSwiftPackageReference "Moya" */;
			productName = Moya;
		};
		1FACF0EA2D16EC34005651EA /* FirebaseMessaging */ = {
			isa = XCSwiftPackageProductDependency;
			package = 1FACF0E92D16EC34005651EA /* XCRemoteSwiftPackageReference "firebase-ios-sdk" */;
			productName = FirebaseMessaging;
		};
/* End XCSwiftPackageProductDependency section */
	};
	rootObject = 1317A46B2CE5CE9B007264C7 /* Project object */;
}
